// !$*UTF8*$!
{
	archiveVersion = 1;
	classes = {
	};
	objectVersion = 46;
	objects = {

/* Begin PBXBuildFile section */
		08DBBC231A53F72E006FD9EF /* AppDelegate.swift in Sources */ = {isa = PBXBuildFile; fileRef = 08DBBC221A53F72E006FD9EF /* AppDelegate.swift */; };
		08DBBC261A53F72E006FD9EF /* demo.xcdatamodeld in Sources */ = {isa = PBXBuildFile; fileRef = 08DBBC241A53F72E006FD9EF /* demo.xcdatamodeld */; };
		08DBBC281A53F72E006FD9EF /* ViewController.swift in Sources */ = {isa = PBXBuildFile; fileRef = 08DBBC271A53F72E006FD9EF /* ViewController.swift */; };
		08DBBC2B1A53F72E006FD9EF /* Main.storyboard in Resources */ = {isa = PBXBuildFile; fileRef = 08DBBC291A53F72E006FD9EF /* Main.storyboard */; };
		08DBBC2D1A53F72E006FD9EF /* Images.xcassets in Resources */ = {isa = PBXBuildFile; fileRef = 08DBBC2C1A53F72E006FD9EF /* Images.xcassets */; };
		08DBBC301A53F72E006FD9EF /* LaunchScreen.xib in Resources */ = {isa = PBXBuildFile; fileRef = 08DBBC2E1A53F72E006FD9EF /* LaunchScreen.xib */; };
		08DBBC491A53F73D006FD9EF /* DialogAlert.swift in Sources */ = {isa = PBXBuildFile; fileRef = 08DBBC461A53F73D006FD9EF /* DialogAlert.swift */; };
		08DBBC4A1A53F73D006FD9EF /* DialogDatePicker.swift in Sources */ = {isa = PBXBuildFile; fileRef = 08DBBC471A53F73D006FD9EF /* DialogDatePicker.swift */; };
		08DBBC4B1A53F73D006FD9EF /* Util.swift in Sources */ = {isa = PBXBuildFile; fileRef = 08DBBC481A53F73D006FD9EF /* Util.swift */; };
/* End PBXBuildFile section */

/* Begin PBXFileReference section */
		08DBBC1D1A53F72E006FD9EF /* demo.app */ = {isa = PBXFileReference; explicitFileType = wrapper.application; includeInIndex = 0; path = demo.app; sourceTree = BUILT_PRODUCTS_DIR; };
		08DBBC211A53F72E006FD9EF /* Info.plist */ = {isa = PBXFileReference; lastKnownFileType = text.plist.xml; path = Info.plist; sourceTree = "<group>"; };
		08DBBC221A53F72E006FD9EF /* AppDelegate.swift */ = {isa = PBXFileReference; lastKnownFileType = sourcecode.swift; path = AppDelegate.swift; sourceTree = "<group>"; };
		08DBBC251A53F72E006FD9EF /* demo.xcdatamodel */ = {isa = PBXFileReference; lastKnownFileType = wrapper.xcdatamodel; path = demo.xcdatamodel; sourceTree = "<group>"; };
		08DBBC271A53F72E006FD9EF /* ViewController.swift */ = {isa = PBXFileReference; lastKnownFileType = sourcecode.swift; path = ViewController.swift; sourceTree = "<group>"; };
		08DBBC2A1A53F72E006FD9EF /* Base */ = {isa = PBXFileReference; lastKnownFileType = file.storyboard; name = Base; path = Base.lproj/Main.storyboard; sourceTree = "<group>"; };
		08DBBC2C1A53F72E006FD9EF /* Images.xcassets */ = {isa = PBXFileReference; lastKnownFileType = folder.assetcatalog; path = Images.xcassets; sourceTree = "<group>"; };
		08DBBC2F1A53F72E006FD9EF /* Base */ = {isa = PBXFileReference; lastKnownFileType = file.xib; name = Base; path = Base.lproj/LaunchScreen.xib; sourceTree = "<group>"; };
		08DBBC3A1A53F72E006FD9EF /* Info.plist */ = {isa = PBXFileReference; lastKnownFileType = text.plist.xml; path = Info.plist; sourceTree = "<group>"; };
		08DBBC461A53F73D006FD9EF /* DialogAlert.swift */ = {isa = PBXFileReference; fileEncoding = 4; lastKnownFileType = sourcecode.swift; path = DialogAlert.swift; sourceTree = "<group>"; };
		08DBBC471A53F73D006FD9EF /* DialogDatePicker.swift */ = {isa = PBXFileReference; fileEncoding = 4; lastKnownFileType = sourcecode.swift; path = DialogDatePicker.swift; sourceTree = "<group>"; };
		08DBBC481A53F73D006FD9EF /* Util.swift */ = {isa = PBXFileReference; fileEncoding = 4; lastKnownFileType = sourcecode.swift; path = Util.swift; sourceTree = "<group>"; };
/* End PBXFileReference section */

/* Begin PBXFrameworksBuildPhase section */
		08DBBC1A1A53F72E006FD9EF /* Frameworks */ = {
			isa = PBXFrameworksBuildPhase;
			buildActionMask = 2147483647;
			files = (
			);
			runOnlyForDeploymentPostprocessing = 0;
		};
/* End PBXFrameworksBuildPhase section */

/* Begin PBXGroup section */
		08DBBC141A53F72E006FD9EF = {
			isa = PBXGroup;
			children = (
				08DBBC1F1A53F72E006FD9EF /* demo */,
				08DBBC381A53F72E006FD9EF /* demoTests */,
				08DBBC1E1A53F72E006FD9EF /* Products */,
			);
			sourceTree = "<group>";
		};
		08DBBC1E1A53F72E006FD9EF /* Products */ = {
			isa = PBXGroup;
			children = (
				08DBBC1D1A53F72E006FD9EF /* demo.app */,
			);
			name = Products;
			sourceTree = "<group>";
		};
		08DBBC1F1A53F72E006FD9EF /* demo */ = {
			isa = PBXGroup;
			children = (
				08DBBC451A53F73D006FD9EF /* Lib */,
				08DBBC221A53F72E006FD9EF /* AppDelegate.swift */,
				08DBBC271A53F72E006FD9EF /* ViewController.swift */,
				08DBBC291A53F72E006FD9EF /* Main.storyboard */,
				08DBBC2C1A53F72E006FD9EF /* Images.xcassets */,
				08DBBC2E1A53F72E006FD9EF /* LaunchScreen.xib */,
				08DBBC241A53F72E006FD9EF /* demo.xcdatamodeld */,
				08DBBC201A53F72E006FD9EF /* Supporting Files */,
			);
			path = demo;
			sourceTree = "<group>";
		};
		08DBBC201A53F72E006FD9EF /* Supporting Files */ = {
			isa = PBXGroup;
			children = (
				08DBBC211A53F72E006FD9EF /* Info.plist */,
			);
			name = "Supporting Files";
			sourceTree = "<group>";
		};
		08DBBC381A53F72E006FD9EF /* demoTests */ = {
			isa = PBXGroup;
			children = (
				08DBBC391A53F72E006FD9EF /* Supporting Files */,
			);
			path = demoTests;
			sourceTree = "<group>";
		};
		08DBBC391A53F72E006FD9EF /* Supporting Files */ = {
			isa = PBXGroup;
			children = (
				08DBBC3A1A53F72E006FD9EF /* Info.plist */,
			);
			name = "Supporting Files";
			sourceTree = "<group>";
		};
		08DBBC451A53F73D006FD9EF /* Lib */ = {
			isa = PBXGroup;
			children = (
				08DBBC461A53F73D006FD9EF /* DialogAlert.swift */,
				08DBBC471A53F73D006FD9EF /* DialogDatePicker.swift */,
				08DBBC481A53F73D006FD9EF /* Util.swift */,
			);
			path = Lib;
			sourceTree = "<group>";
		};
/* End PBXGroup section */

/* Begin PBXNativeTarget section */
		08DBBC1C1A53F72E006FD9EF /* demo */ = {
			isa = PBXNativeTarget;
			buildConfigurationList = 08DBBC3F1A53F72E006FD9EF /* Build configuration list for PBXNativeTarget "demo" */;
			buildPhases = (
				08DBBC191A53F72E006FD9EF /* Sources */,
				08DBBC1A1A53F72E006FD9EF /* Frameworks */,
				08DBBC1B1A53F72E006FD9EF /* Resources */,
			);
			buildRules = (
			);
			dependencies = (
			);
			name = demo;
			productName = demo;
			productReference = 08DBBC1D1A53F72E006FD9EF /* demo.app */;
			productType = "com.apple.product-type.application";
		};
/* End PBXNativeTarget section */

/* Begin PBXProject section */
		08DBBC151A53F72E006FD9EF /* Project object */ = {
			isa = PBXProject;
			attributes = {
				LastUpgradeCheck = 0610;
				ORGANIZATIONNAME = zlywq;
				TargetAttributes = {
					08DBBC1C1A53F72E006FD9EF = {
						CreatedOnToolsVersion = 6.1.1;
					};
				};
			};
			buildConfigurationList = 08DBBC181A53F72E006FD9EF /* Build configuration list for PBXProject "demo" */;
			compatibilityVersion = "Xcode 3.2";
			developmentRegion = English;
			hasScannedForEncodings = 0;
			knownRegions = (
				en,
				Base,
			);
			mainGroup = 08DBBC141A53F72E006FD9EF;
			productRefGroup = 08DBBC1E1A53F72E006FD9EF /* Products */;
			projectDirPath = "";
			projectRoot = "";
			targets = (
				08DBBC1C1A53F72E006FD9EF /* demo */,
			);
		};
/* End PBXProject section */

/* Begin PBXResourcesBuildPhase section */
		08DBBC1B1A53F72E006FD9EF /* Resources */ = {
			isa = PBXResourcesBuildPhase;
			buildActionMask = 2147483647;
			files = (
				08DBBC2B1A53F72E006FD9EF /* Main.storyboard in Resources */,
				08DBBC301A53F72E006FD9EF /* LaunchScreen.xib in Resources */,
				08DBBC2D1A53F72E006FD9EF /* Images.xcassets in Resources */,
			);
			runOnlyForDeploymentPostprocessing = 0;
		};
/* End PBXResourcesBuildPhase section */

/* Begin PBXSourcesBuildPhase section */
		08DBBC191A53F72E006FD9EF /* Sources */ = {
			isa = PBXSourcesBuildPhase;
			buildActionMask = 2147483647;
			files = (
				08DBBC4A1A53F73D006FD9EF /* DialogDatePicker.swift in Sources */,
				08DBBC4B1A53F73D006FD9EF /* Util.swift in Sources */,
				08DBBC491A53F73D006FD9EF /* DialogAlert.swift in Sources */,
				08DBBC281A53F72E006FD9EF /* ViewController.swift in Sources */,
				08DBBC261A53F72E006FD9EF /* demo.xcdatamodeld in Sources */,
				08DBBC231A53F72E006FD9EF /* AppDelegate.swift in Sources */,
			);
			runOnlyForDeploymentPostprocessing = 0;
		};
/* End PBXSourcesBuildPhase section */

/* Begin PBXVariantGroup section */
		08DBBC291A53F72E006FD9EF /* Main.storyboard */ = {
			isa = PBXVariantGroup;
			children = (
				08DBBC2A1A53F72E006FD9EF /* Base */,
			);
			name = Main.storyboard;
			sourceTree = "<group>";
		};
		08DBBC2E1A53F72E006FD9EF /* LaunchScreen.xib */ = {
			isa = PBXVariantGroup;
			children = (
				08DBBC2F1A53F72E006FD9EF /* Base */,
			);
			name = LaunchScreen.xib;
			sourceTree = "<group>";
		};
/* End PBXVariantGroup section */

/* Begin XCBuildConfiguration section */
		08DBBC3D1A53F72E006FD9EF /* Debug */ = {
			isa = XCBuildConfiguration;
			buildSettings = {
				ALWAYS_SEARCH_USER_PATHS = NO;
				CLANG_CXX_LANGUAGE_STANDARD = "gnu++0x";
				CLANG_CXX_LIBRARY = "libc++";
				CLANG_ENABLE_MODULES = YES;
				CLANG_ENABLE_OBJC_ARC = YES;
				CLANG_WARN_BOOL_CONVERSION = YES;
				CLANG_WARN_CONSTANT_CONVERSION = YES;
				CLANG_WARN_DIRECT_OBJC_ISA_USAGE = YES_ERROR;
				CLANG_WARN_EMPTY_BODY = YES;
				CLANG_WARN_ENUM_CONVERSION = YES;
				CLANG_WARN_INT_CONVERSION = YES;
				CLANG_WARN_OBJC_ROOT_CLASS = YES_ERROR;
				CLANG_WARN_UNREACHABLE_CODE = YES;
				CLANG_WARN__DUPLICATE_METHOD_MATCH = YES;
				"CODE_SIGN_IDENTITY[sdk=iphoneos*]" = "iPhone Developer";
				COPY_PHASE_STRIP = NO;
				ENABLE_STRICT_OBJC_MSGSEND = YES;
				GCC_C_LANGUAGE_STANDARD = gnu99;
				GCC_DYNAMIC_NO_PIC = NO;
				GCC_OPTIMIZATION_LEVEL = 0;
				GCC_PREPROCESSOR_DEFINITIONS = (
					"DEBUG=1",
					"$(inherited)",
				);
				GCC_SYMBOLS_PRIVATE_EXTERN = NO;
				GCC_WARN_64_TO_32_BIT_CONVERSION = YES;
				GCC_WARN_ABOUT_RETURN_TYPE = YES_ERROR;
				GCC_WARN_UNDECLARED_SELECTOR = YES;
				GCC_WARN_UNINITIALIZED_AUTOS = YES_AGGRESSIVE;
				GCC_WARN_UNUSED_FUNCTION = YES;
				GCC_WARN_UNUSED_VARIABLE = YES;
				IPHONEOS_DEPLOYMENT_TARGET = 8.1;
				MTL_ENABLE_DEBUG_INFO = YES;
				ONLY_ACTIVE_ARCH = YES;
				SDKROOT = iphoneos;
				SWIFT_OPTIMIZATION_LEVEL = "-Onone";
				TARGETED_DEVICE_FAMILY = "1,2";
			};
			name = Debug;
		};
		08DBBC3E1A53F72E006FD9EF /* Release */ = {
			isa = XCBuildConfiguration;
			buildSettings = {
				ALWAYS_SEARCH_USER_PATHS = NO;
				CLANG_CXX_LANGUAGE_STANDARD = "gnu++0x";
				CLANG_CXX_LIBRARY = "libc++";
				CLANG_ENABLE_MODULES = YES;
				CLANG_ENABLE_OBJC_ARC = YES;
				CLANG_WARN_BOOL_CONVERSION = YES;
				CLANG_WARN_CONSTANT_CONVERSION = YES;
				CLANG_WARN_DIRECT_OBJC_ISA_USAGE = YES_ERROR;
				CLANG_WARN_EMPTY_BODY = YES;
				CLANG_WARN_ENUM_CONVERSION = YES;
				CLANG_WARN_INT_CONVERSION = YES;
				CLANG_WARN_OBJC_ROOT_CLASS = YES_ERROR;
				CLANG_WARN_UNREACHABLE_CODE = YES;
				CLANG_WARN__DUPLICATE_METHOD_MATCH = YES;
				"CODE_SIGN_IDENTITY[sdk=iphoneos*]" = "iPhone Developer";
				COPY_PHASE_STRIP = YES;
				ENABLE_NS_ASSERTIONS = NO;
				ENABLE_STRICT_OBJC_MSGSEND = YES;
				GCC_C_LANGUAGE_STANDARD = gnu99;
				GCC_WARN_64_TO_32_BIT_CONVERSION = YES;
				GCC_WARN_ABOUT_RETURN_TYPE = YES_ERROR;
				GCC_WARN_UNDECLARED_SELECTOR = YES;
				GCC_WARN_UNINITIALIZED_AUTOS = YES_AGGRESSIVE;
				GCC_WARN_UNUSED_FUNCTION = YES;
				GCC_WARN_UNUSED_VARIABLE = YES;
				IPHONEOS_DEPLOYMENT_TARGET = 8.1;
				MTL_ENABLE_DEBUG_INFO = NO;
				SDKROOT = iphoneos;
				TARGETED_DEVICE_FAMILY = "1,2";
				VALIDATE_PRODUCT = YES;
			};
			name = Release;
		};
		08DBBC401A53F72E006FD9EF /* Debug */ = {
			isa = XCBuildConfiguration;
			buildSettings = {
				ASSETCATALOG_COMPILER_APPICON_NAME = AppIcon;
				INFOPLIST_FILE = demo/Info.plist;
				LD_RUNPATH_SEARCH_PATHS = "$(inherited) @executable_path/Frameworks";
				PRODUCT_NAME = "$(TARGET_NAME)";
			};
			name = Debug;
		};
		08DBBC411A53F72E006FD9EF /* Release */ = {
			isa = XCBuildConfiguration;
			buildSettings = {
				ASSETCATALOG_COMPILER_APPICON_NAME = AppIcon;
				INFOPLIST_FILE = demo/Info.plist;
				LD_RUNPATH_SEARCH_PATHS = "$(inherited) @executable_path/Frameworks";
				PRODUCT_NAME = "$(TARGET_NAME)";
			};
			name = Release;
		};
/* End XCBuildConfiguration section */

/* Begin XCConfigurationList section */
		08DBBC181A53F72E006FD9EF /* Build configuration list for PBXProject "demo" */ = {
			isa = XCConfigurationList;
			buildConfigurations = (
				08DBBC3D1A53F72E006FD9EF /* Debug */,
				08DBBC3E1A53F72E006FD9EF /* Release */,
			);
			defaultConfigurationIsVisible = 0;
			defaultConfigurationName = Release;
		};
		08DBBC3F1A53F72E006FD9EF /* Build configuration list for PBXNativeTarget "demo" */ = {
			isa = XCConfigurationList;
			buildConfigurations = (
				08DBBC401A53F72E006FD9EF /* Debug */,
				08DBBC411A53F72E006FD9EF /* Release */,
			);
			defaultConfigurationIsVisible = 0;
			defaultConfigurationName = Release;
		};
/* End XCConfigurationList section */

/* Begin XCVersionGroup section */
		08DBBC241A53F72E006FD9EF /* demo.xcdatamodeld */ = {
			isa = XCVersionGroup;
			children = (
				08DBBC251A53F72E006FD9EF /* demo.xcdatamodel */,
			);
			currentVersion = 08DBBC251A53F72E006FD9EF /* demo.xcdatamodel */;
			path = demo.xcdatamodeld;
			sourceTree = "<group>";
			versionGroupType = wrapper.xcdatamodel;
		};
/* End XCVersionGroup section */
	};
	rootObject = 08DBBC151A53F72E006FD9EF /* Project object */;
}
